
Microsoft Visual Studio Solution File, Format Version 12.00
# Visual Studio 15
VisualStudioVersion = 15.0.28010.2046
MinimumVisualStudioVersion = 10.0.40219.1
Project("{FAE04EC0-301F-11D3-BF4B-00C04F79EFBC}") = "CalcOnWPF", "CalcOnWPF\CalcOnWPF.csproj", "{073BE1FC-27F8-47DC-A7C9-6A78262F9B1D}"
EndProject
Global
	GlobalSection(SolutionConfigurationPlatforms) = preSolution
		Debug|Any CPU = Debug|Any CPU
		Release|Any CPU = Release|Any CPU
	EndGlobalSection
	GlobalSection(ProjectConfigurationPlatforms) = postSolution
		{073BE1FC-27F8-47DC-A7C9-6A78262F9B1D}.Debug|Any CPU.ActiveCfg = Debug|Any CPU
		{073BE1FC-27F8-47DC-A7C9-6A78262F9B1D}.Debug|Any CPU.Build.0 = Debug|Any CPU
		{073BE1FC-27F8-47DC-A7C9-6A78262F9B1D}.Release|Any CPU.ActiveCfg = Release|Any CPU
		{073BE1FC-27F8-47DC-A7C9-6A78262F9B1D}.Release|Any CPU.Build.0 = Release|Any CPU
	EndGlobalSection
	GlobalSection(SolutionProperties) = preSolution
		HideSolutionNode = FALSE
	EndGlobalSection
	GlobalSection(ExtensibilityGlobals) = postSolution
		SolutionGuid = {15CCB9C3-5618-40D6-B917-1D7F3B566572}
	EndGlobalSection
EndGlobal
